
Microsoft Visual Studio Solution File, Format Version 12.00
# Visual Studio Version 17
VisualStudioVersion = 17.2.32516.85
MinimumVisualStudioVersion = 10.0.40219.1
Project("{9A19103F-16F7-4668-BE54-9A1E7A4F7556}") = "Entify", "Entify\Entify.csproj", "{9C68EBE0-F024-43DB-A12F-7AE4A85D5F15}"
EndProject
Project("{2150E333-8FDC-42A3-9474-1A3956D46DE8}") = "src", "src", "{9A1006F9-4FC9-40AD-9B71-D61B91BAA946}"
EndProject
Project("{2150E333-8FDC-42A3-9474-1A3956D46DE8}") = "test", "test", "{E564AFD5-1143-4C31-ADE3-34807FF38E65}"
EndProject
Project("{FAE04EC0-301F-11D3-BF4B-00C04F79EFBC}") = "Entify.Tests", "Entify.Tests\Entify.Tests.csproj", "{240EDFDA-045E-4E71-93FB-0881BEEE6632}"
EndProject
Global
	GlobalSection(SolutionConfigurationPlatforms) = preSolution
		Debug|Any CPU = Debug|Any CPU
		Release|Any CPU = Release|Any CPU
	EndGlobalSection
	GlobalSection(ProjectConfigurationPlatforms) = postSolution
		{9C68EBE0-F024-43DB-A12F-7AE4A85D5F15}.Debug|Any CPU.ActiveCfg = Debug|Any CPU
		{9C68EBE0-F024-43DB-A12F-7AE4A85D5F15}.Debug|Any CPU.Build.0 = Debug|Any CPU
		{9C68EBE0-F024-43DB-A12F-7AE4A85D5F15}.Release|Any CPU.ActiveCfg = Release|Any CPU
		{9C68EBE0-F024-43DB-A12F-7AE4A85D5F15}.Release|Any CPU.Build.0 = Release|Any CPU
		{240EDFDA-045E-4E71-93FB-0881BEEE6632}.Debug|Any CPU.ActiveCfg = Debug|Any CPU
		{240EDFDA-045E-4E71-93FB-0881BEEE6632}.Debug|Any CPU.Build.0 = Debug|Any CPU
		{240EDFDA-045E-4E71-93FB-0881BEEE6632}.Release|Any CPU.ActiveCfg = Release|Any CPU
		{240EDFDA-045E-4E71-93FB-0881BEEE6632}.Release|Any CPU.Build.0 = Release|Any CPU
	EndGlobalSection
	GlobalSection(SolutionProperties) = preSolution
		HideSolutionNode = FALSE
	EndGlobalSection
	GlobalSection(ExtensibilityGlobals) = postSolution
		SolutionGuid = {327D6500-63F3-479B-BA3D-019C90C214E4}
	EndGlobalSection
	GlobalSection(NestedProjects) = preSolution
		{9C68EBE0-F024-43DB-A12F-7AE4A85D5F15} = {9A1006F9-4FC9-40AD-9B71-D61B91BAA946}
		{240EDFDA-045E-4E71-93FB-0881BEEE6632} = {E564AFD5-1143-4C31-ADE3-34807FF38E65}
	EndGlobalSection
EndGlobal
